
Microsoft Visual Studio Solution File, Format Version 12.00
# Visual Studio Version 17
VisualStudioVersion = 17.4.33213.308
MinimumVisualStudioVersion = 10.0.40219.1
Project("{9A19103F-16F7-4668-BE54-9A1E7A4F7556}") = "CarFleetManagement_API", "CarFleetManagement\CarFleetManagement_API.csproj", "{16D9F2F5-1F83-4560-832C-C67767E84E2C}"
EndProject
Project("{FAE04EC0-301F-11D3-BF4B-00C04F79EFBC}") = "CarFleetManagement_MobileApp.Android", "CarFleetManagement_MobileApp\CarFleetManagement_MobileApp.Android\CarFleetManagement_MobileApp.Android.csproj", "{06BA81EA-2A57-47A1-9907-218F3FDA8979}"
EndProject
Project("{FAE04EC0-301F-11D3-BF4B-00C04F79EFBC}") = "CarFleetManagement_MobileApp.iOS", "CarFleetManagement_MobileApp\CarFleetManagement_MobileApp.iOS\CarFleetManagement_MobileApp.iOS.csproj", "{EBD05018-D740-4D7E-8788-F964EDF642C4}"
EndProject
Project("{FAE04EC0-301F-11D3-BF4B-00C04F79EFBC}") = "CarFleetManagement_MobileApp", "CarFleetManagement_MobileApp\CarFleetManagement_MobileApp\CarFleetManagement_MobileApp.csproj", "{3A41F6CD-0D6B-4C93-8238-22E808017F06}"
EndProject
Global
	GlobalSection(SolutionConfigurationPlatforms) = preSolution
		Debug|Any CPU = Debug|Any CPU
		Debug|iPhone = Debug|iPhone
		Debug|iPhoneSimulator = Debug|iPhoneSimulator
		Release|Any CPU = Release|Any CPU
		Release|iPhone = Release|iPhone
		Release|iPhoneSimulator = Release|iPhoneSimulator
	EndGlobalSection
	GlobalSection(ProjectConfigurationPlatforms) = postSolution
		{16D9F2F5-1F83-4560-832C-C67767E84E2C}.Debug|Any CPU.ActiveCfg = Debug|Any CPU
		{16D9F2F5-1F83-4560-832C-C67767E84E2C}.Debug|Any CPU.Build.0 = Debug|Any CPU
		{16D9F2F5-1F83-4560-832C-C67767E84E2C}.Debug|iPhone.ActiveCfg = Debug|Any CPU
		{16D9F2F5-1F83-4560-832C-C67767E84E2C}.Debug|iPhone.Build.0 = Debug|Any CPU
		{16D9F2F5-1F83-4560-832C-C67767E84E2C}.Debug|iPhoneSimulator.ActiveCfg = Debug|Any CPU
		{16D9F2F5-1F83-4560-832C-C67767E84E2C}.Debug|iPhoneSimulator.Build.0 = Debug|Any CPU
		{16D9F2F5-1F83-4560-832C-C67767E84E2C}.Release|Any CPU.ActiveCfg = Release|Any CPU
		{16D9F2F5-1F83-4560-832C-C67767E84E2C}.Release|Any CPU.Build.0 = Release|Any CPU
		{16D9F2F5-1F83-4560-832C-C67767E84E2C}.Release|iPhone.ActiveCfg = Release|Any CPU
		{16D9F2F5-1F83-4560-832C-C67767E84E2C}.Release|iPhone.Build.0 = Release|Any CPU
		{16D9F2F5-1F83-4560-832C-C67767E84E2C}.Release|iPhoneSimulator.ActiveCfg = Release|Any CPU
		{16D9F2F5-1F83-4560-832C-C67767E84E2C}.Release|iPhoneSimulator.Build.0 = Release|Any CPU
		{06BA81EA-2A57-47A1-9907-218F3FDA8979}.Debug|Any CPU.ActiveCfg = Debug|Any CPU
		{06BA81EA-2A57-47A1-9907-218F3FDA8979}.Debug|Any CPU.Build.0 = Debug|Any CPU
		{06BA81EA-2A57-47A1-9907-218F3FDA8979}.Debug|Any CPU.Deploy.0 = Debug|Any CPU
		{06BA81EA-2A57-47A1-9907-218F3FDA8979}.Debug|iPhone.ActiveCfg = Debug|Any CPU
		{06BA81EA-2A57-47A1-9907-218F3FDA8979}.Debug|iPhone.Build.0 = Debug|Any CPU
		{06BA81EA-2A57-47A1-9907-218F3FDA8979}.Debug|iPhone.Deploy.0 = Debug|Any CPU
		{06BA81EA-2A57-47A1-9907-218F3FDA8979}.Debug|iPhoneSimulator.ActiveCfg = Debug|Any CPU
		{06BA81EA-2A57-47A1-9907-218F3FDA8979}.Debug|iPhoneSimulator.Build.0 = Debug|Any CPU
		{06BA81EA-2A57-47A1-9907-218F3FDA8979}.Debug|iPhoneSimulator.Deploy.0 = Debug|Any CPU
		{06BA81EA-2A57-47A1-9907-218F3FDA8979}.Release|Any CPU.ActiveCfg = Release|Any CPU
		{06BA81EA-2A57-47A1-9907-218F3FDA8979}.Release|Any CPU.Build.0 = Release|Any CPU
		{06BA81EA-2A57-47A1-9907-218F3FDA8979}.Release|Any CPU.Deploy.0 = Release|Any CPU
		{06BA81EA-2A57-47A1-9907-218F3FDA8979}.Release|iPhone.ActiveCfg = Release|Any CPU
		{06BA81EA-2A57-47A1-9907-218F3FDA8979}.Release|iPhone.Build.0 = Release|Any CPU
		{06BA81EA-2A57-47A1-9907-218F3FDA8979}.Release|iPhone.Deploy.0 = Release|Any CPU
		{06BA81EA-2A57-47A1-9907-218F3FDA8979}.Release|iPhoneSimulator.ActiveCfg = Release|Any CPU
		{06BA81EA-2A57-47A1-9907-218F3FDA8979}.Release|iPhoneSimulator.Build.0 = Release|Any CPU
		{06BA81EA-2A57-47A1-9907-218F3FDA8979}.Release|iPhoneSimulator.Deploy.0 = Release|Any CPU
		{EBD05018-D740-4D7E-8788-F964EDF642C4}.Debug|Any CPU.ActiveCfg = Debug|iPhoneSimulator
		{EBD05018-D740-4D7E-8788-F964EDF642C4}.Debug|Any CPU.Build.0 = Debug|iPhoneSimulator
		{EBD05018-D740-4D7E-8788-F964EDF642C4}.Debug|iPhone.ActiveCfg = Debug|iPhone
		{EBD05018-D740-4D7E-8788-F964EDF642C4}.Debug|iPhone.Build.0 = Debug|iPhone
		{EBD05018-D740-4D7E-8788-F964EDF642C4}.Debug|iPhoneSimulator.ActiveCfg = Debug|iPhoneSimulator
		{EBD05018-D740-4D7E-8788-F964EDF642C4}.Debug|iPhoneSimulator.Build.0 = Debug|iPhoneSimulator
		{EBD05018-D740-4D7E-8788-F964EDF642C4}.Release|Any CPU.ActiveCfg = Release|iPhoneSimulator
		{EBD05018-D740-4D7E-8788-F964EDF642C4}.Release|Any CPU.Build.0 = Release|iPhoneSimulator
		{EBD05018-D740-4D7E-8788-F964EDF642C4}.Release|iPhone.ActiveCfg = Release|iPhone
		{EBD05018-D740-4D7E-8788-F964EDF642C4}.Release|iPhone.Build.0 = Release|iPhone
		{EBD05018-D740-4D7E-8788-F964EDF642C4}.Release|iPhoneSimulator.ActiveCfg = Release|iPhoneSimulator
		{EBD05018-D740-4D7E-8788-F964EDF642C4}.Release|iPhoneSimulator.Build.0 = Release|iPhoneSimulator
		{3A41F6CD-0D6B-4C93-8238-22E808017F06}.Debug|Any CPU.ActiveCfg = Debug|Any CPU
		{3A41F6CD-0D6B-4C93-8238-22E808017F06}.Debug|Any CPU.Build.0 = Debug|Any CPU
		{3A41F6CD-0D6B-4C93-8238-22E808017F06}.Debug|iPhone.ActiveCfg = Debug|Any CPU
		{3A41F6CD-0D6B-4C93-8238-22E808017F06}.Debug|iPhone.Build.0 = Debug|Any CPU
		{3A41F6CD-0D6B-4C93-8238-22E808017F06}.Debug|iPhoneSimulator.ActiveCfg = Debug|Any CPU
		{3A41F6CD-0D6B-4C93-8238-22E808017F06}.Debug|iPhoneSimulator.Build.0 = Debug|Any CPU
		{3A41F6CD-0D6B-4C93-8238-22E808017F06}.Release|Any CPU.ActiveCfg = Release|Any CPU
		{3A41F6CD-0D6B-4C93-8238-22E808017F06}.Release|Any CPU.Build.0 = Release|Any CPU
		{3A41F6CD-0D6B-4C93-8238-22E808017F06}.Release|iPhone.ActiveCfg = Release|Any CPU
		{3A41F6CD-0D6B-4C93-8238-22E808017F06}.Release|iPhone.Build.0 = Release|Any CPU
		{3A41F6CD-0D6B-4C93-8238-22E808017F06}.Release|iPhoneSimulator.ActiveCfg = Release|Any CPU
		{3A41F6CD-0D6B-4C93-8238-22E808017F06}.Release|iPhoneSimulator.Build.0 = Release|Any CPU
	EndGlobalSection
	GlobalSection(SolutionProperties) = preSolution
		HideSolutionNode = FALSE
	EndGlobalSection
	GlobalSection(ExtensibilityGlobals) = postSolution
		SolutionGuid = {8C19CD58-51B1-48C8-A77E-0443DDE5B286}
	EndGlobalSection
EndGlobal
